
Microsoft Visual Studio Solution File, Format Version 12.00
# Visual Studio Version 17
VisualStudioVersion = 17.3.32811.315
MinimumVisualStudioVersion = 10.0.40219.1
Project("{FAE04EC0-301F-11D3-BF4B-00C04F79EFBC}") = "UmbracoCar", "UmbracoCar\UmbracoCar.csproj", "{2E310D31-0046-4340-8ADE-F64031902DE5}"
EndProject
Global
	GlobalSection(SolutionConfigurationPlatforms) = preSolution
		Debug|Any CPU = Debug|Any CPU
		Release|Any CPU = Release|Any CPU
	EndGlobalSection
	GlobalSection(ProjectConfigurationPlatforms) = postSolution
		{2E310D31-0046-4340-8ADE-F64031902DE5}.Debug|Any CPU.ActiveCfg = Debug|Any CPU
		{2E310D31-0046-4340-8ADE-F64031902DE5}.Debug|Any CPU.Build.0 = Debug|Any CPU
		{2E310D31-0046-4340-8ADE-F64031902DE5}.Release|Any CPU.ActiveCfg = Release|Any CPU
		{2E310D31-0046-4340-8ADE-F64031902DE5}.Release|Any CPU.Build.0 = Release|Any CPU
	EndGlobalSection
	GlobalSection(SolutionProperties) = preSolution
		HideSolutionNode = FALSE
	EndGlobalSection
	GlobalSection(ExtensibilityGlobals) = postSolution
		SolutionGuid = {D1E532C1-CF07-41A5-9A22-0F8BF220472A}
	EndGlobalSection
EndGlobal
